
Microsoft Visual Studio Solution File, Format Version 12.00
# Visual Studio Version 17
VisualStudioVersion = 17.2.32630.192
MinimumVisualStudioVersion = 10.0.40219.1
Project("{9A19103F-16F7-4668-BE54-9A1E7A4F7556}") = "Alqoritm1", "Alqoritm1\Alqoritm1.csproj", "{2369AD9B-C27A-48E1-9BE1-C6209F0F4028}"
EndProject
Project("{9A19103F-16F7-4668-BE54-9A1E7A4F7556}") = "Alqoritm2", "Alqoritm2\Alqoritm2.csproj", "{D7F846A0-E488-4C22-A379-135A108067A8}"
EndProject
Project("{9A19103F-16F7-4668-BE54-9A1E7A4F7556}") = "Alqoritm3", "Alqoritm3\Alqoritm3.csproj", "{993787A2-0909-42B6-B217-A99A27025AD0}"
EndProject
Project("{9A19103F-16F7-4668-BE54-9A1E7A4F7556}") = "Alqoritm4", "Alqoritm4\Alqoritm4.csproj", "{03F74442-1BA1-4FFA-B308-8B3C4799BD8D}"
EndProject
Project("{9A19103F-16F7-4668-BE54-9A1E7A4F7556}") = "Alqoritm5", "ConsoleApp1\Alqoritm5.csproj", "{78CB6AE7-C6EF-4D63-B25C-3A86CC1836D1}"
EndProject
Project("{9A19103F-16F7-4668-BE54-9A1E7A4F7556}") = "Alqoritm6", "Alqoritm6\Alqoritm6.csproj", "{44A1871E-5F42-4CFC-BF8B-BAD7391F08FA}"
EndProject
Project("{9A19103F-16F7-4668-BE54-9A1E7A4F7556}") = "Alqoritm7", "Alqoritm7\Alqoritm7.csproj", "{5D77CB35-A377-46A6-B8FF-4A4985EE7D4C}"
EndProject
Project("{9A19103F-16F7-4668-BE54-9A1E7A4F7556}") = "Alqoritm8", "Alqoritm8\Alqoritm8.csproj", "{E2587C2B-DD2C-4D2D-86FE-CA63923565E2}"
EndProject
Project("{9A19103F-16F7-4668-BE54-9A1E7A4F7556}") = "Alqoritm9", "Alqoritm9\Alqoritm9.csproj", "{9D9512F0-C644-436D-AB90-99F8842267A8}"
EndProject
Project("{9A19103F-16F7-4668-BE54-9A1E7A4F7556}") = "Alqoritm10", "Alqoritm10\Alqoritm10.csproj", "{8EB88D23-42D8-4F1B-B428-64496BA8B2F3}"
EndProject
Project("{9A19103F-16F7-4668-BE54-9A1E7A4F7556}") = "Alqoritm11", "Alqoritm11\Alqoritm11.csproj", "{01D71319-EED4-40E1-827C-3731DC603FFF}"
EndProject
Project("{9A19103F-16F7-4668-BE54-9A1E7A4F7556}") = "Alqoritm12", "Alqoritm12\Alqoritm12.csproj", "{A332E332-8EE0-4595-ADBB-351E31EAE0AB}"
EndProject
Project("{9A19103F-16F7-4668-BE54-9A1E7A4F7556}") = "Alqoritm13", "Alqoritm13\Alqoritm13.csproj", "{B289C574-C900-4619-AFA3-1D81135BC53B}"
EndProject
Project("{9A19103F-16F7-4668-BE54-9A1E7A4F7556}") = "Alqoritm14", "Alqoritm14\Alqoritm14.csproj", "{5E143B1F-DD55-43C4-B622-A3D0715646B8}"
EndProject
Project("{9A19103F-16F7-4668-BE54-9A1E7A4F7556}") = "Alqoritm15", "Alqoritm15\Alqoritm15.csproj", "{BC1F492C-3B3B-4A03-AC19-1ECBBE9BB560}"
EndProject
Project("{9A19103F-16F7-4668-BE54-9A1E7A4F7556}") = "Alqoritm16", "Alqoritm16\Alqoritm16.csproj", "{27E1E340-20D5-4E33-AFE7-E1E901AFDC5D}"
EndProject
Project("{9A19103F-16F7-4668-BE54-9A1E7A4F7556}") = "Alqoritm17", "Alqoritm17\Alqoritm17.csproj", "{DD775BFB-B212-4CAB-8ED7-4C0728B048CB}"
EndProject
Project("{9A19103F-16F7-4668-BE54-9A1E7A4F7556}") = "Alqoritm18", "Alqoritm18\Alqoritm18.csproj", "{7C03D406-BDEF-4C15-8BED-556348971514}"
EndProject
Project("{9A19103F-16F7-4668-BE54-9A1E7A4F7556}") = "Alqoritm_19", "Alqoritm_19\Alqoritm_19.csproj", "{E1D1AD18-981A-4911-9F85-F5CB26D571A8}"
EndProject
Project("{9A19103F-16F7-4668-BE54-9A1E7A4F7556}") = "Alqoritm20", "Alqoritm20\Alqoritm20.csproj", "{18158BE4-1183-4E57-A7D8-ABC2F51B161B}"
EndProject
Project("{9A19103F-16F7-4668-BE54-9A1E7A4F7556}") = "Alqoritm21", "Alqoritm21\Alqoritm21.csproj", "{A399AD8A-DFCB-4BFB-B505-63411CCCA144}"
EndProject
Project("{9A19103F-16F7-4668-BE54-9A1E7A4F7556}") = "Alqoritm22", "Alqoritm22\Alqoritm22.csproj", "{C2C31FE6-9E90-423D-8BAD-42B3C3E8BF78}"
EndProject
Project("{9A19103F-16F7-4668-BE54-9A1E7A4F7556}") = "Alqoritm23", "Alqoritm23\Alqoritm23.csproj", "{776E2BDC-E8E0-49DF-BB1F-C51D32D30D08}"
EndProject
Project("{9A19103F-16F7-4668-BE54-9A1E7A4F7556}") = "Alqoritm24", "Alqoritm24\Alqoritm24.csproj", "{3D7E9F87-FDAF-45B4-A0C2-CA0B8843E5F6}"
EndProject
Project("{9A19103F-16F7-4668-BE54-9A1E7A4F7556}") = "Alqoritm25", "Alqoritm25\Alqoritm25.csproj", "{5F280632-9BCE-4004-A56F-5988FD9AD14B}"
EndProject
Project("{9A19103F-16F7-4668-BE54-9A1E7A4F7556}") = "Alqoritm26", "Alqoritm26\Alqoritm26.csproj", "{311981DF-1186-420D-88B5-1394EA993D6A}"
EndProject
Project("{9A19103F-16F7-4668-BE54-9A1E7A4F7556}") = "Alqoritm27", "Alqoritm27\Alqoritm27.csproj", "{3A2CF6EB-9B62-4DFE-95E3-239D943EF008}"
EndProject
Project("{9A19103F-16F7-4668-BE54-9A1E7A4F7556}") = "Alqoritm28", "Alqoritm28\Alqoritm28.csproj", "{29406F31-133C-4458-A814-B448F0D9F315}"
EndProject
Project("{9A19103F-16F7-4668-BE54-9A1E7A4F7556}") = "Alqoritm29", "Alqoritm29\Alqoritm29.csproj", "{5525D487-6E10-4F1A-99C2-26C7AF721EBB}"
EndProject
Project("{9A19103F-16F7-4668-BE54-9A1E7A4F7556}") = "Alqoritm30", "Alqoritm30\Alqoritm30.csproj", "{E77710A3-4A2A-4867-8F1D-B66FF29CE6DE}"
EndProject
Project("{9A19103F-16F7-4668-BE54-9A1E7A4F7556}") = "Alqoritm31", "Alqoritm31\Alqoritm31.csproj", "{AF23AE90-B8A0-4EB0-A4FF-62259771E66E}"
EndProject
Project("{FAE04EC0-301F-11D3-BF4B-00C04F79EFBC}") = "Alqoritma32", "Alqoritma32\Alqoritma32.csproj", "{60D891F5-702D-4F9E-864E-720EC1A2F5E3}"
EndProject
Project("{FAE04EC0-301F-11D3-BF4B-00C04F79EFBC}") = "Alqoritm33", "Alqoritm33\Alqoritm33.csproj", "{3B58F561-E4DC-4E53-AE7F-A470CFB0900D}"
EndProject
Project("{FAE04EC0-301F-11D3-BF4B-00C04F79EFBC}") = "Alqoritma34", "Alqoritma34\Alqoritma34.csproj", "{E0A50E95-C7B1-49F4-B2E3-AAA53FA8500C}"
EndProject
Global
	GlobalSection(SolutionConfigurationPlatforms) = preSolution
		Debug|Any CPU = Debug|Any CPU
		Release|Any CPU = Release|Any CPU
	EndGlobalSection
	GlobalSection(ProjectConfigurationPlatforms) = postSolution
		{2369AD9B-C27A-48E1-9BE1-C6209F0F4028}.Debug|Any CPU.ActiveCfg = Debug|Any CPU
		{2369AD9B-C27A-48E1-9BE1-C6209F0F4028}.Debug|Any CPU.Build.0 = Debug|Any CPU
		{2369AD9B-C27A-48E1-9BE1-C6209F0F4028}.Release|Any CPU.ActiveCfg = Release|Any CPU
		{2369AD9B-C27A-48E1-9BE1-C6209F0F4028}.Release|Any CPU.Build.0 = Release|Any CPU
		{D7F846A0-E488-4C22-A379-135A108067A8}.Debug|Any CPU.ActiveCfg = Debug|Any CPU
		{D7F846A0-E488-4C22-A379-135A108067A8}.Debug|Any CPU.Build.0 = Debug|Any CPU
		{D7F846A0-E488-4C22-A379-135A108067A8}.Release|Any CPU.ActiveCfg = Release|Any CPU
		{D7F846A0-E488-4C22-A379-135A108067A8}.Release|Any CPU.Build.0 = Release|Any CPU
		{993787A2-0909-42B6-B217-A99A27025AD0}.Debug|Any CPU.ActiveCfg = Debug|Any CPU
		{993787A2-0909-42B6-B217-A99A27025AD0}.Debug|Any CPU.Build.0 = Debug|Any CPU
		{993787A2-0909-42B6-B217-A99A27025AD0}.Release|Any CPU.ActiveCfg = Release|Any CPU
		{993787A2-0909-42B6-B217-A99A27025AD0}.Release|Any CPU.Build.0 = Release|Any CPU
		{03F74442-1BA1-4FFA-B308-8B3C4799BD8D}.Debug|Any CPU.ActiveCfg = Debug|Any CPU
		{03F74442-1BA1-4FFA-B308-8B3C4799BD8D}.Debug|Any CPU.Build.0 = Debug|Any CPU
		{03F74442-1BA1-4FFA-B308-8B3C4799BD8D}.Release|Any CPU.ActiveCfg = Release|Any CPU
		{03F74442-1BA1-4FFA-B308-8B3C4799BD8D}.Release|Any CPU.Build.0 = Release|Any CPU
		{78CB6AE7-C6EF-4D63-B25C-3A86CC1836D1}.Debug|Any CPU.ActiveCfg = Debug|Any CPU
		{78CB6AE7-C6EF-4D63-B25C-3A86CC1836D1}.Debug|Any CPU.Build.0 = Debug|Any CPU
		{78CB6AE7-C6EF-4D63-B25C-3A86CC1836D1}.Release|Any CPU.ActiveCfg = Release|Any CPU
		{78CB6AE7-C6EF-4D63-B25C-3A86CC1836D1}.Release|Any CPU.Build.0 = Release|Any CPU
		{44A1871E-5F42-4CFC-BF8B-BAD7391F08FA}.Debug|Any CPU.ActiveCfg = Debug|Any CPU
		{44A1871E-5F42-4CFC-BF8B-BAD7391F08FA}.Debug|Any CPU.Build.0 = Debug|Any CPU
		{44A1871E-5F42-4CFC-BF8B-BAD7391F08FA}.Release|Any CPU.ActiveCfg = Release|Any CPU
		{44A1871E-5F42-4CFC-BF8B-BAD7391F08FA}.Release|Any CPU.Build.0 = Release|Any CPU
		{5D77CB35-A377-46A6-B8FF-4A4985EE7D4C}.Debug|Any CPU.ActiveCfg = Debug|Any CPU
		{5D77CB35-A377-46A6-B8FF-4A4985EE7D4C}.Debug|Any CPU.Build.0 = Debug|Any CPU
		{5D77CB35-A377-46A6-B8FF-4A4985EE7D4C}.Release|Any CPU.ActiveCfg = Release|Any CPU
		{5D77CB35-A377-46A6-B8FF-4A4985EE7D4C}.Release|Any CPU.Build.0 = Release|Any CPU
		{E2587C2B-DD2C-4D2D-86FE-CA63923565E2}.Debug|Any CPU.ActiveCfg = Debug|Any CPU
		{E2587C2B-DD2C-4D2D-86FE-CA63923565E2}.Debug|Any CPU.Build.0 = Debug|Any CPU
		{E2587C2B-DD2C-4D2D-86FE-CA63923565E2}.Release|Any CPU.ActiveCfg = Release|Any CPU
		{E2587C2B-DD2C-4D2D-86FE-CA63923565E2}.Release|Any CPU.Build.0 = Release|Any CPU
		{9D9512F0-C644-436D-AB90-99F8842267A8}.Debug|Any CPU.ActiveCfg = Debug|Any CPU
		{9D9512F0-C644-436D-AB90-99F8842267A8}.Debug|Any CPU.Build.0 = Debug|Any CPU
		{9D9512F0-C644-436D-AB90-99F8842267A8}.Release|Any CPU.ActiveCfg = Release|Any CPU
		{9D9512F0-C644-436D-AB90-99F8842267A8}.Release|Any CPU.Build.0 = Release|Any CPU
		{8EB88D23-42D8-4F1B-B428-64496BA8B2F3}.Debug|Any CPU.ActiveCfg = Debug|Any CPU
		{8EB88D23-42D8-4F1B-B428-64496BA8B2F3}.Debug|Any CPU.Build.0 = Debug|Any CPU
		{8EB88D23-42D8-4F1B-B428-64496BA8B2F3}.Release|Any CPU.ActiveCfg = Release|Any CPU
		{8EB88D23-42D8-4F1B-B428-64496BA8B2F3}.Release|Any CPU.Build.0 = Release|Any CPU
		{01D71319-EED4-40E1-827C-3731DC603FFF}.Debug|Any CPU.ActiveCfg = Debug|Any CPU
		{01D71319-EED4-40E1-827C-3731DC603FFF}.Debug|Any CPU.Build.0 = Debug|Any CPU
		{01D71319-EED4-40E1-827C-3731DC603FFF}.Release|Any CPU.ActiveCfg = Release|Any CPU
		{01D71319-EED4-40E1-827C-3731DC603FFF}.Release|Any CPU.Build.0 = Release|Any CPU
		{A332E332-8EE0-4595-ADBB-351E31EAE0AB}.Debug|Any CPU.ActiveCfg = Debug|Any CPU
		{A332E332-8EE0-4595-ADBB-351E31EAE0AB}.Debug|Any CPU.Build.0 = Debug|Any CPU
		{A332E332-8EE0-4595-ADBB-351E31EAE0AB}.Release|Any CPU.ActiveCfg = Release|Any CPU
		{A332E332-8EE0-4595-ADBB-351E31EAE0AB}.Release|Any CPU.Build.0 = Release|Any CPU
		{B289C574-C900-4619-AFA3-1D81135BC53B}.Debug|Any CPU.ActiveCfg = Debug|Any CPU
		{B289C574-C900-4619-AFA3-1D81135BC53B}.Debug|Any CPU.Build.0 = Debug|Any CPU
		{B289C574-C900-4619-AFA3-1D81135BC53B}.Release|Any CPU.ActiveCfg = Release|Any CPU
		{B289C574-C900-4619-AFA3-1D81135BC53B}.Release|Any CPU.Build.0 = Release|Any CPU
		{5E143B1F-DD55-43C4-B622-A3D0715646B8}.Debug|Any CPU.ActiveCfg = Debug|Any CPU
		{5E143B1F-DD55-43C4-B622-A3D0715646B8}.Debug|Any CPU.Build.0 = Debug|Any CPU
		{5E143B1F-DD55-43C4-B622-A3D0715646B8}.Release|Any CPU.ActiveCfg = Release|Any CPU
		{5E143B1F-DD55-43C4-B622-A3D0715646B8}.Release|Any CPU.Build.0 = Release|Any CPU
		{BC1F492C-3B3B-4A03-AC19-1ECBBE9BB560}.Debug|Any CPU.ActiveCfg = Debug|Any CPU
		{BC1F492C-3B3B-4A03-AC19-1ECBBE9BB560}.Debug|Any CPU.Build.0 = Debug|Any CPU
		{BC1F492C-3B3B-4A03-AC19-1ECBBE9BB560}.Release|Any CPU.ActiveCfg = Release|Any CPU
		{BC1F492C-3B3B-4A03-AC19-1ECBBE9BB560}.Release|Any CPU.Build.0 = Release|Any CPU
		{27E1E340-20D5-4E33-AFE7-E1E901AFDC5D}.Debug|Any CPU.ActiveCfg = Debug|Any CPU
		{27E1E340-20D5-4E33-AFE7-E1E901AFDC5D}.Debug|Any CPU.Build.0 = Debug|Any CPU
		{27E1E340-20D5-4E33-AFE7-E1E901AFDC5D}.Release|Any CPU.ActiveCfg = Release|Any CPU
		{27E1E340-20D5-4E33-AFE7-E1E901AFDC5D}.Release|Any CPU.Build.0 = Release|Any CPU
		{DD775BFB-B212-4CAB-8ED7-4C0728B048CB}.Debug|Any CPU.ActiveCfg = Debug|Any CPU
		{DD775BFB-B212-4CAB-8ED7-4C0728B048CB}.Debug|Any CPU.Build.0 = Debug|Any CPU
		{DD775BFB-B212-4CAB-8ED7-4C0728B048CB}.Release|Any CPU.ActiveCfg = Release|Any CPU
		{DD775BFB-B212-4CAB-8ED7-4C0728B048CB}.Release|Any CPU.Build.0 = Release|Any CPU
		{7C03D406-BDEF-4C15-8BED-556348971514}.Debug|Any CPU.ActiveCfg = Debug|Any CPU
		{7C03D406-BDEF-4C15-8BED-556348971514}.Debug|Any CPU.Build.0 = Debug|Any CPU
		{7C03D406-BDEF-4C15-8BED-556348971514}.Release|Any CPU.ActiveCfg = Release|Any CPU
		{7C03D406-BDEF-4C15-8BED-556348971514}.Release|Any CPU.Build.0 = Release|Any CPU
		{E1D1AD18-981A-4911-9F85-F5CB26D571A8}.Debug|Any CPU.ActiveCfg = Debug|Any CPU
		{E1D1AD18-981A-4911-9F85-F5CB26D571A8}.Debug|Any CPU.Build.0 = Debug|Any CPU
		{E1D1AD18-981A-4911-9F85-F5CB26D571A8}.Release|Any CPU.ActiveCfg = Release|Any CPU
		{E1D1AD18-981A-4911-9F85-F5CB26D571A8}.Release|Any CPU.Build.0 = Release|Any CPU
		{18158BE4-1183-4E57-A7D8-ABC2F51B161B}.Debug|Any CPU.ActiveCfg = Debug|Any CPU
		{18158BE4-1183-4E57-A7D8-ABC2F51B161B}.Debug|Any CPU.Build.0 = Debug|Any CPU
		{18158BE4-1183-4E57-A7D8-ABC2F51B161B}.Release|Any CPU.ActiveCfg = Release|Any CPU
		{18158BE4-1183-4E57-A7D8-ABC2F51B161B}.Release|Any CPU.Build.0 = Release|Any CPU
		{A399AD8A-DFCB-4BFB-B505-63411CCCA144}.Debug|Any CPU.ActiveCfg = Debug|Any CPU
		{A399AD8A-DFCB-4BFB-B505-63411CCCA144}.Debug|Any CPU.Build.0 = Debug|Any CPU
		{A399AD8A-DFCB-4BFB-B505-63411CCCA144}.Release|Any CPU.ActiveCfg = Release|Any CPU
		{A399AD8A-DFCB-4BFB-B505-63411CCCA144}.Release|Any CPU.Build.0 = Release|Any CPU
		{C2C31FE6-9E90-423D-8BAD-42B3C3E8BF78}.Debug|Any CPU.ActiveCfg = Debug|Any CPU
		{C2C31FE6-9E90-423D-8BAD-42B3C3E8BF78}.Debug|Any CPU.Build.0 = Debug|Any CPU
		{C2C31FE6-9E90-423D-8BAD-42B3C3E8BF78}.Release|Any CPU.ActiveCfg = Release|Any CPU
		{C2C31FE6-9E90-423D-8BAD-42B3C3E8BF78}.Release|Any CPU.Build.0 = Release|Any CPU
		{776E2BDC-E8E0-49DF-BB1F-C51D32D30D08}.Debug|Any CPU.ActiveCfg = Debug|Any CPU
		{776E2BDC-E8E0-49DF-BB1F-C51D32D30D08}.Debug|Any CPU.Build.0 = Debug|Any CPU
		{776E2BDC-E8E0-49DF-BB1F-C51D32D30D08}.Release|Any CPU.ActiveCfg = Release|Any CPU
		{776E2BDC-E8E0-49DF-BB1F-C51D32D30D08}.Release|Any CPU.Build.0 = Release|Any CPU
		{3D7E9F87-FDAF-45B4-A0C2-CA0B8843E5F6}.Debug|Any CPU.ActiveCfg = Debug|Any CPU
		{3D7E9F87-FDAF-45B4-A0C2-CA0B8843E5F6}.Debug|Any CPU.Build.0 = Debug|Any CPU
		{3D7E9F87-FDAF-45B4-A0C2-CA0B8843E5F6}.Release|Any CPU.ActiveCfg = Release|Any CPU
		{3D7E9F87-FDAF-45B4-A0C2-CA0B8843E5F6}.Release|Any CPU.Build.0 = Release|Any CPU
		{5F280632-9BCE-4004-A56F-5988FD9AD14B}.Debug|Any CPU.ActiveCfg = Debug|Any CPU
		{5F280632-9BCE-4004-A56F-5988FD9AD14B}.Debug|Any CPU.Build.0 = Debug|Any CPU
		{5F280632-9BCE-4004-A56F-5988FD9AD14B}.Release|Any CPU.ActiveCfg = Release|Any CPU
		{5F280632-9BCE-4004-A56F-5988FD9AD14B}.Release|Any CPU.Build.0 = Release|Any CPU
		{311981DF-1186-420D-88B5-1394EA993D6A}.Debug|Any CPU.ActiveCfg = Debug|Any CPU
		{311981DF-1186-420D-88B5-1394EA993D6A}.Debug|Any CPU.Build.0 = Debug|Any CPU
		{311981DF-1186-420D-88B5-1394EA993D6A}.Release|Any CPU.ActiveCfg = Release|Any CPU
		{311981DF-1186-420D-88B5-1394EA993D6A}.Release|Any CPU.Build.0 = Release|Any CPU
		{3A2CF6EB-9B62-4DFE-95E3-239D943EF008}.Debug|Any CPU.ActiveCfg = Debug|Any CPU
		{3A2CF6EB-9B62-4DFE-95E3-239D943EF008}.Debug|Any CPU.Build.0 = Debug|Any CPU
		{3A2CF6EB-9B62-4DFE-95E3-239D943EF008}.Release|Any CPU.ActiveCfg = Release|Any CPU
		{3A2CF6EB-9B62-4DFE-95E3-239D943EF008}.Release|Any CPU.Build.0 = Release|Any CPU
		{29406F31-133C-4458-A814-B448F0D9F315}.Debug|Any CPU.ActiveCfg = Debug|Any CPU
		{29406F31-133C-4458-A814-B448F0D9F315}.Debug|Any CPU.Build.0 = Debug|Any CPU
		{29406F31-133C-4458-A814-B448F0D9F315}.Release|Any CPU.ActiveCfg = Release|Any CPU
		{29406F31-133C-4458-A814-B448F0D9F315}.Release|Any CPU.Build.0 = Release|Any CPU
		{5525D487-6E10-4F1A-99C2-26C7AF721EBB}.Debug|Any CPU.ActiveCfg = Debug|Any CPU
		{5525D487-6E10-4F1A-99C2-26C7AF721EBB}.Debug|Any CPU.Build.0 = Debug|Any CPU
		{5525D487-6E10-4F1A-99C2-26C7AF721EBB}.Release|Any CPU.ActiveCfg = Release|Any CPU
		{5525D487-6E10-4F1A-99C2-26C7AF721EBB}.Release|Any CPU.Build.0 = Release|Any CPU
		{E77710A3-4A2A-4867-8F1D-B66FF29CE6DE}.Debug|Any CPU.ActiveCfg = Debug|Any CPU
		{E77710A3-4A2A-4867-8F1D-B66FF29CE6DE}.Debug|Any CPU.Build.0 = Debug|Any CPU
		{E77710A3-4A2A-4867-8F1D-B66FF29CE6DE}.Release|Any CPU.ActiveCfg = Release|Any CPU
		{E77710A3-4A2A-4867-8F1D-B66FF29CE6DE}.Release|Any CPU.Build.0 = Release|Any CPU
		{AF23AE90-B8A0-4EB0-A4FF-62259771E66E}.Debug|Any CPU.ActiveCfg = Debug|Any CPU
		{AF23AE90-B8A0-4EB0-A4FF-62259771E66E}.Debug|Any CPU.Build.0 = Debug|Any CPU
		{AF23AE90-B8A0-4EB0-A4FF-62259771E66E}.Release|Any CPU.ActiveCfg = Release|Any CPU
		{AF23AE90-B8A0-4EB0-A4FF-62259771E66E}.Release|Any CPU.Build.0 = Release|Any CPU
		{60D891F5-702D-4F9E-864E-720EC1A2F5E3}.Debug|Any CPU.ActiveCfg = Debug|Any CPU
		{60D891F5-702D-4F9E-864E-720EC1A2F5E3}.Debug|Any CPU.Build.0 = Debug|Any CPU
		{60D891F5-702D-4F9E-864E-720EC1A2F5E3}.Release|Any CPU.ActiveCfg = Release|Any CPU
		{60D891F5-702D-4F9E-864E-720EC1A2F5E3}.Release|Any CPU.Build.0 = Release|Any CPU
		{3B58F561-E4DC-4E53-AE7F-A470CFB0900D}.Debug|Any CPU.ActiveCfg = Debug|Any CPU
		{3B58F561-E4DC-4E53-AE7F-A470CFB0900D}.Debug|Any CPU.Build.0 = Debug|Any CPU
		{3B58F561-E4DC-4E53-AE7F-A470CFB0900D}.Release|Any CPU.ActiveCfg = Release|Any CPU
		{3B58F561-E4DC-4E53-AE7F-A470CFB0900D}.Release|Any CPU.Build.0 = Release|Any CPU
		{E0A50E95-C7B1-49F4-B2E3-AAA53FA8500C}.Debug|Any CPU.ActiveCfg = Debug|Any CPU
		{E0A50E95-C7B1-49F4-B2E3-AAA53FA8500C}.Debug|Any CPU.Build.0 = Debug|Any CPU
		{E0A50E95-C7B1-49F4-B2E3-AAA53FA8500C}.Release|Any CPU.ActiveCfg = Release|Any CPU
		{E0A50E95-C7B1-49F4-B2E3-AAA53FA8500C}.Release|Any CPU.Build.0 = Release|Any CPU
	EndGlobalSection
	GlobalSection(SolutionProperties) = preSolution
		HideSolutionNode = FALSE
	EndGlobalSection
	GlobalSection(ExtensibilityGlobals) = postSolution
		SolutionGuid = {6790C9AF-78A9-4414-BEDF-D466432B0C65}
	EndGlobalSection
EndGlobal
